// !$*UTF8*$!
{
	archiveVersion = 1;
	classes = {
	};
	objectVersion = 56;
	objects = {

/* Begin PBXBuildFile section */
		FC0457A22A2DD02900E6BBD9 /* ServiceProvider.swift in Sources */ = {isa = PBXBuildFile; fileRef = FC0457A12A2DD02900E6BBD9 /* ServiceProvider.swift */; };
		FC0457A42A2DD05800E6BBD9 /* BaseService.swift in Sources */ = {isa = PBXBuildFile; fileRef = FC0457A32A2DD05800E6BBD9 /* BaseService.swift */; };
		FC0457AA2A302D7400E6BBD9 /* RxCocoa in Frameworks */ = {isa = PBXBuildFile; productRef = FC0457A92A302D7400E6BBD9 /* RxCocoa */; };
		FC0457AC2A302D7400E6BBD9 /* RxSwift in Frameworks */ = {isa = PBXBuildFile; productRef = FC0457AB2A302D7400E6BBD9 /* RxSwift */; };
		FC0457B42A302E7C00E6BBD9 /* URLInfo.swift in Sources */ = {isa = PBXBuildFile; fileRef = FC0457AE2A302E7C00E6BBD9 /* URLInfo.swift */; };
		FC0457B52A302E7C00E6BBD9 /* NetworkAPIMethod.swift in Sources */ = {isa = PBXBuildFile; fileRef = FC0457AF2A302E7C00E6BBD9 /* NetworkAPIMethod.swift */; };
		FC0457B62A302E7C00E6BBD9 /* NetworkAPI.swift in Sources */ = {isa = PBXBuildFile; fileRef = FC0457B02A302E7C00E6BBD9 /* NetworkAPI.swift */; };
		FC0457B72A302E7C00E6BBD9 /* RequestInfo.swift in Sources */ = {isa = PBXBuildFile; fileRef = FC0457B12A302E7C00E6BBD9 /* RequestInfo.swift */; };
		FC0457B82A302E7C00E6BBD9 /* NetworkAPIDefinition.swift in Sources */ = {isa = PBXBuildFile; fileRef = FC0457B22A302E7C00E6BBD9 /* NetworkAPIDefinition.swift */; };
		FC0457B92A302E7C00E6BBD9 /* NetworkError.swift in Sources */ = {isa = PBXBuildFile; fileRef = FC0457B32A302E7C00E6BBD9 /* NetworkError.swift */; };
		FC0457BB2A302EB000E6BBD9 /* Logger.swift in Sources */ = {isa = PBXBuildFile; fileRef = FC0457BA2A302EB000E6BBD9 /* Logger.swift */; };
		FC0457BF2A303EEC00E6BBD9 /* JsonAPI.swift in Sources */ = {isa = PBXBuildFile; fileRef = FC0457BE2A303EEC00E6BBD9 /* JsonAPI.swift */; };
		FC0457C12A303F3200E6BBD9 /* EmptyParameters.swift in Sources */ = {isa = PBXBuildFile; fileRef = FC0457C02A303F3200E6BBD9 /* EmptyParameters.swift */; };
		FC0711D82A025B6E005955C0 /* AppDelegate.swift in Sources */ = {isa = PBXBuildFile; fileRef = FC0711D72A025B6E005955C0 /* AppDelegate.swift */; };
		FC0711DA2A025B6E005955C0 /* SceneDelegate.swift in Sources */ = {isa = PBXBuildFile; fileRef = FC0711D92A025B6E005955C0 /* SceneDelegate.swift */; };
		FC0711DC2A025B6E005955C0 /* ViewController.swift in Sources */ = {isa = PBXBuildFile; fileRef = FC0711DB2A025B6E005955C0 /* ViewController.swift */; };
		FC0711E12A025B6F005955C0 /* Assets.xcassets in Resources */ = {isa = PBXBuildFile; fileRef = FC0711E02A025B6F005955C0 /* Assets.xcassets */; };
		FC0711E42A025B6F005955C0 /* LaunchScreen.storyboard in Resources */ = {isa = PBXBuildFile; fileRef = FC0711E22A025B6F005955C0 /* LaunchScreen.storyboard */; };
		FC0711F92A025B93005955C0 /* EmergencyAlarm1.mp3 in Resources */ = {isa = PBXBuildFile; fileRef = FC0711EE2A025B92005955C0 /* EmergencyAlarm1.mp3 */; };
		FC0711FA2A025B93005955C0 /* Alarm4.mp3 in Resources */ = {isa = PBXBuildFile; fileRef = FC0711EF2A025B92005955C0 /* Alarm4.mp3 */; };
		FC0711FB2A025B93005955C0 /* SchoolBell.mp3 in Resources */ = {isa = PBXBuildFile; fileRef = FC0711F02A025B92005955C0 /* SchoolBell.mp3 */; };
		FC0711FC2A025B93005955C0 /* PhoneRing.mp3 in Resources */ = {isa = PBXBuildFile; fileRef = FC0711F12A025B92005955C0 /* PhoneRing.mp3 */; };
		FC0711FD2A025B93005955C0 /* Alarm2.mp3 in Resources */ = {isa = PBXBuildFile; fileRef = FC0711F22A025B92005955C0 /* Alarm2.mp3 */; };
		FC0711FE2A025B93005955C0 /* Alarm3.mp3 in Resources */ = {isa = PBXBuildFile; fileRef = FC0711F32A025B92005955C0 /* Alarm3.mp3 */; };
		FC0711FF2A025B93005955C0 /* RadiationAlert.mp3 in Resources */ = {isa = PBXBuildFile; fileRef = FC0711F42A025B93005955C0 /* RadiationAlert.mp3 */; };
		FC0712002A025B93005955C0 /* Alarm1.mp3 in Resources */ = {isa = PBXBuildFile; fileRef = FC0711F52A025B93005955C0 /* Alarm1.mp3 */; };
		FC0712012A025B93005955C0 /* LifeSupportAlarm.mp3 in Resources */ = {isa = PBXBuildFile; fileRef = FC0711F62A025B93005955C0 /* LifeSupportAlarm.mp3 */; };
		FC0712022A025B93005955C0 /* ChickenSound.mp3 in Resources */ = {isa = PBXBuildFile; fileRef = FC0711F72A025B93005955C0 /* ChickenSound.mp3 */; };
		FC0712032A025B93005955C0 /* EmergencyAlarm2.mp3 in Resources */ = {isa = PBXBuildFile; fileRef = FC0711F82A025B93005955C0 /* EmergencyAlarm2.mp3 */; };
		FC7EE2CF2A263214001A075F /* AlarmType.swift in Sources */ = {isa = PBXBuildFile; fileRef = FC7EE2CE2A263214001A075F /* AlarmType.swift */; };
		FC7EE2D12A2633EE001A075F /* AlarmPlayerService.swift in Sources */ = {isa = PBXBuildFile; fileRef = FC7EE2D02A2633EE001A075F /* AlarmPlayerService.swift */; };
		FC7EE2D32A263491001A075F /* PlayerError.swift in Sources */ = {isa = PBXBuildFile; fileRef = FC7EE2D22A263491001A075F /* PlayerError.swift */; };
/* End PBXBuildFile section */

/* Begin PBXFileReference section */
		FC0457A12A2DD02900E6BBD9 /* ServiceProvider.swift */ = {isa = PBXFileReference; lastKnownFileType = sourcecode.swift; path = ServiceProvider.swift; sourceTree = "<group>"; };
		FC0457A32A2DD05800E6BBD9 /* BaseService.swift */ = {isa = PBXFileReference; lastKnownFileType = sourcecode.swift; path = BaseService.swift; sourceTree = "<group>"; };
		FC0457AE2A302E7C00E6BBD9 /* URLInfo.swift */ = {isa = PBXFileReference; fileEncoding = 4; lastKnownFileType = sourcecode.swift; path = URLInfo.swift; sourceTree = "<group>"; };
		FC0457AF2A302E7C00E6BBD9 /* NetworkAPIMethod.swift */ = {isa = PBXFileReference; fileEncoding = 4; lastKnownFileType = sourcecode.swift; path = NetworkAPIMethod.swift; sourceTree = "<group>"; };
		FC0457B02A302E7C00E6BBD9 /* NetworkAPI.swift */ = {isa = PBXFileReference; fileEncoding = 4; lastKnownFileType = sourcecode.swift; path = NetworkAPI.swift; sourceTree = "<group>"; };
		FC0457B12A302E7C00E6BBD9 /* RequestInfo.swift */ = {isa = PBXFileReference; fileEncoding = 4; lastKnownFileType = sourcecode.swift; path = RequestInfo.swift; sourceTree = "<group>"; };
		FC0457B22A302E7C00E6BBD9 /* NetworkAPIDefinition.swift */ = {isa = PBXFileReference; fileEncoding = 4; lastKnownFileType = sourcecode.swift; path = NetworkAPIDefinition.swift; sourceTree = "<group>"; };
		FC0457B32A302E7C00E6BBD9 /* NetworkError.swift */ = {isa = PBXFileReference; fileEncoding = 4; lastKnownFileType = sourcecode.swift; path = NetworkError.swift; sourceTree = "<group>"; };
		FC0457BA2A302EB000E6BBD9 /* Logger.swift */ = {isa = PBXFileReference; lastKnownFileType = sourcecode.swift; path = Logger.swift; sourceTree = "<group>"; };
		FC0457BC2A302ED300E6BBD9 /* Config.xcconfig */ = {isa = PBXFileReference; lastKnownFileType = text.xcconfig; path = Config.xcconfig; sourceTree = "<group>"; };
		FC0457BE2A303EEC00E6BBD9 /* JsonAPI.swift */ = {isa = PBXFileReference; lastKnownFileType = sourcecode.swift; path = JsonAPI.swift; sourceTree = "<group>"; };
		FC0457C02A303F3200E6BBD9 /* EmptyParameters.swift */ = {isa = PBXFileReference; lastKnownFileType = sourcecode.swift; path = EmptyParameters.swift; sourceTree = "<group>"; };
		FC0711D42A025B6E005955C0 /* SilentWake.app */ = {isa = PBXFileReference; explicitFileType = wrapper.application; includeInIndex = 0; path = SilentWake.app; sourceTree = BUILT_PRODUCTS_DIR; };
		FC0711D72A025B6E005955C0 /* AppDelegate.swift */ = {isa = PBXFileReference; lastKnownFileType = sourcecode.swift; path = AppDelegate.swift; sourceTree = "<group>"; };
		FC0711D92A025B6E005955C0 /* SceneDelegate.swift */ = {isa = PBXFileReference; lastKnownFileType = sourcecode.swift; path = SceneDelegate.swift; sourceTree = "<group>"; };
		FC0711DB2A025B6E005955C0 /* ViewController.swift */ = {isa = PBXFileReference; lastKnownFileType = sourcecode.swift; path = ViewController.swift; sourceTree = "<group>"; };
		FC0711E02A025B6F005955C0 /* Assets.xcassets */ = {isa = PBXFileReference; lastKnownFileType = folder.assetcatalog; path = Assets.xcassets; sourceTree = "<group>"; };
		FC0711E32A025B6F005955C0 /* Base */ = {isa = PBXFileReference; lastKnownFileType = file.storyboard; name = Base; path = Base.lproj/LaunchScreen.storyboard; sourceTree = "<group>"; };
		FC0711E52A025B6F005955C0 /* Info.plist */ = {isa = PBXFileReference; lastKnownFileType = text.plist.xml; path = Info.plist; sourceTree = "<group>"; };
		FC0711EE2A025B92005955C0 /* EmergencyAlarm1.mp3 */ = {isa = PBXFileReference; lastKnownFileType = audio.mp3; path = EmergencyAlarm1.mp3; sourceTree = "<group>"; };
		FC0711EF2A025B92005955C0 /* Alarm4.mp3 */ = {isa = PBXFileReference; lastKnownFileType = audio.mp3; path = Alarm4.mp3; sourceTree = "<group>"; };
		FC0711F02A025B92005955C0 /* SchoolBell.mp3 */ = {isa = PBXFileReference; lastKnownFileType = audio.mp3; path = SchoolBell.mp3; sourceTree = "<group>"; };
		FC0711F12A025B92005955C0 /* PhoneRing.mp3 */ = {isa = PBXFileReference; lastKnownFileType = audio.mp3; path = PhoneRing.mp3; sourceTree = "<group>"; };
		FC0711F22A025B92005955C0 /* Alarm2.mp3 */ = {isa = PBXFileReference; lastKnownFileType = audio.mp3; path = Alarm2.mp3; sourceTree = "<group>"; };
		FC0711F32A025B92005955C0 /* Alarm3.mp3 */ = {isa = PBXFileReference; lastKnownFileType = audio.mp3; path = Alarm3.mp3; sourceTree = "<group>"; };
		FC0711F42A025B93005955C0 /* RadiationAlert.mp3 */ = {isa = PBXFileReference; lastKnownFileType = audio.mp3; path = RadiationAlert.mp3; sourceTree = "<group>"; };
		FC0711F52A025B93005955C0 /* Alarm1.mp3 */ = {isa = PBXFileReference; lastKnownFileType = audio.mp3; path = Alarm1.mp3; sourceTree = "<group>"; };
		FC0711F62A025B93005955C0 /* LifeSupportAlarm.mp3 */ = {isa = PBXFileReference; lastKnownFileType = audio.mp3; path = LifeSupportAlarm.mp3; sourceTree = "<group>"; };
		FC0711F72A025B93005955C0 /* ChickenSound.mp3 */ = {isa = PBXFileReference; lastKnownFileType = audio.mp3; path = ChickenSound.mp3; sourceTree = "<group>"; };
		FC0711F82A025B93005955C0 /* EmergencyAlarm2.mp3 */ = {isa = PBXFileReference; lastKnownFileType = audio.mp3; path = EmergencyAlarm2.mp3; sourceTree = "<group>"; };
		FC7EE2CE2A263214001A075F /* AlarmType.swift */ = {isa = PBXFileReference; lastKnownFileType = sourcecode.swift; path = AlarmType.swift; sourceTree = "<group>"; };
		FC7EE2D02A2633EE001A075F /* AlarmPlayerService.swift */ = {isa = PBXFileReference; lastKnownFileType = sourcecode.swift; path = AlarmPlayerService.swift; sourceTree = "<group>"; };
		FC7EE2D22A263491001A075F /* PlayerError.swift */ = {isa = PBXFileReference; lastKnownFileType = sourcecode.swift; path = PlayerError.swift; sourceTree = "<group>"; };
/* End PBXFileReference section */

/* Begin PBXFrameworksBuildPhase section */
		FC0711D12A025B6E005955C0 /* Frameworks */ = {
			isa = PBXFrameworksBuildPhase;
			buildActionMask = 2147483647;
			files = (
				FC0457AC2A302D7400E6BBD9 /* RxSwift in Frameworks */,
				FC0457AA2A302D7400E6BBD9 /* RxCocoa in Frameworks */,
			);
			runOnlyForDeploymentPostprocessing = 0;
		};
/* End PBXFrameworksBuildPhase section */

/* Begin PBXGroup section */
		FC04579A2A2DCEAD00E6BBD9 /* Types */ = {
			isa = PBXGroup;
			children = (
				FC7EE2CE2A263214001A075F /* AlarmType.swift */,
				FC7EE2D22A263491001A075F /* PlayerError.swift */,
			);
			path = Types;
			sourceTree = "<group>";
		};
		FC04579B2A2DCEB500E6BBD9 /* Services */ = {
			isa = PBXGroup;
			children = (
				FC0457A12A2DD02900E6BBD9 /* ServiceProvider.swift */,
				FC0457A32A2DD05800E6BBD9 /* BaseService.swift */,
				FC7EE2D02A2633EE001A075F /* AlarmPlayerService.swift */,
			);
			path = Services;
			sourceTree = "<group>";
		};
		FC04579C2A2DCEBA00E6BBD9 /* Models */ = {
			isa = PBXGroup;
			children = (
			);
			path = Models;
			sourceTree = "<group>";
		};
		FC04579D2A2DCEBF00E6BBD9 /* ViewControllers */ = {
			isa = PBXGroup;
			children = (
				FC0711DB2A025B6E005955C0 /* ViewController.swift */,
			);
			path = ViewControllers;
			sourceTree = "<group>";
		};
		FC04579E2A2DCEC800E6BBD9 /* Views */ = {
			isa = PBXGroup;
			children = (
			);
			path = Views;
			sourceTree = "<group>";
		};
		FC04579F2A2DCECB00E6BBD9 /* Rx */ = {
			isa = PBXGroup;
			children = (
			);
			path = Rx;
			sourceTree = "<group>";
		};
		FC0457A02A2DCECD00E6BBD9 /* Utill */ = {
			isa = PBXGroup;
			children = (
			);
			path = Utill;
			sourceTree = "<group>";
		};
		FC0457A72A302D4A00E6BBD9 /* Network */ = {
			isa = PBXGroup;
			children = (
				FC0457BD2A303EDE00E6BBD9 /* Base */,
				FC0457BE2A303EEC00E6BBD9 /* JsonAPI.swift */,
			);
			path = Network;
			sourceTree = "<group>";
		};
		FC0457AD2A302E7C00E6BBD9 /* NetworkAPI */ = {
			isa = PBXGroup;
			children = (
				FC0457B02A302E7C00E6BBD9 /* NetworkAPI.swift */,
				FC0457AE2A302E7C00E6BBD9 /* URLInfo.swift */,
				FC0457AF2A302E7C00E6BBD9 /* NetworkAPIMethod.swift */,
				FC0457B12A302E7C00E6BBD9 /* RequestInfo.swift */,
			);
			path = NetworkAPI;
			sourceTree = "<group>";
		};
		FC0457BD2A303EDE00E6BBD9 /* Base */ = {
			isa = PBXGroup;
			children = (
				FC0457C02A303F3200E6BBD9 /* EmptyParameters.swift */,
				FC0457AD2A302E7C00E6BBD9 /* NetworkAPI */,
				FC0457B22A302E7C00E6BBD9 /* NetworkAPIDefinition.swift */,
				FC0457B32A302E7C00E6BBD9 /* NetworkError.swift */,
			);
			path = Base;
			sourceTree = "<group>";
		};
		FC0711CB2A025B6E005955C0 = {
			isa = PBXGroup;
			children = (
				FC0711D62A025B6E005955C0 /* SilentWake */,
				FC0711D52A025B6E005955C0 /* Products */,
			);
			sourceTree = "<group>";
		};
		FC0711D52A025B6E005955C0 /* Products */ = {
			isa = PBXGroup;
			children = (
				FC0711D42A025B6E005955C0 /* SilentWake.app */,
			);
			name = Products;
			sourceTree = "<group>";
		};
		FC0711D62A025B6E005955C0 /* SilentWake */ = {
			isa = PBXGroup;
			children = (
				FC0711EB2A025B74005955C0 /* Resource */,
				FC0711EC2A025B79005955C0 /* Source */,
			);
			path = SilentWake;
			sourceTree = "<group>";
		};
		FC0711EB2A025B74005955C0 /* Resource */ = {
			isa = PBXGroup;
			children = (
				FC0711E22A025B6F005955C0 /* LaunchScreen.storyboard */,
				FC0711E02A025B6F005955C0 /* Assets.xcassets */,
				FC0711E52A025B6F005955C0 /* Info.plist */,
				FC0711ED2A025B88005955C0 /* Sound */,
				FC0457BC2A302ED300E6BBD9 /* Config.xcconfig */,
			);
			path = Resource;
			sourceTree = "<group>";
		};
		FC0711EC2A025B79005955C0 /* Source */ = {
			isa = PBXGroup;
			children = (
				FC7EE2C82A25878E001A075F /* App */,
				FC04579A2A2DCEAD00E6BBD9 /* Types */,
				FC0457A72A302D4A00E6BBD9 /* Network */,
				FC04579B2A2DCEB500E6BBD9 /* Services */,
				FC04579C2A2DCEBA00E6BBD9 /* Models */,
				FC0457A02A2DCECD00E6BBD9 /* Utill */,
				FC04579F2A2DCECB00E6BBD9 /* Rx */,
				FC04579E2A2DCEC800E6BBD9 /* Views */,
				FC04579D2A2DCEBF00E6BBD9 /* ViewControllers */,
			);
			path = Source;
			sourceTree = "<group>";
		};
		FC0711ED2A025B88005955C0 /* Sound */ = {
			isa = PBXGroup;
			children = (
				FC0711F52A025B93005955C0 /* Alarm1.mp3 */,
				FC0711F22A025B92005955C0 /* Alarm2.mp3 */,
				FC0711F32A025B92005955C0 /* Alarm3.mp3 */,
				FC0711EF2A025B92005955C0 /* Alarm4.mp3 */,
				FC0711F72A025B93005955C0 /* ChickenSound.mp3 */,
				FC0711EE2A025B92005955C0 /* EmergencyAlarm1.mp3 */,
				FC0711F82A025B93005955C0 /* EmergencyAlarm2.mp3 */,
				FC0711F62A025B93005955C0 /* LifeSupportAlarm.mp3 */,
				FC0711F12A025B92005955C0 /* PhoneRing.mp3 */,
				FC0711F42A025B93005955C0 /* RadiationAlert.mp3 */,
				FC0711F02A025B92005955C0 /* SchoolBell.mp3 */,
			);
			path = Sound;
			sourceTree = "<group>";
		};
		FC7EE2C82A25878E001A075F /* App */ = {
			isa = PBXGroup;
			children = (
				FC0711D72A025B6E005955C0 /* AppDelegate.swift */,
				FC0711D92A025B6E005955C0 /* SceneDelegate.swift */,
				FC0457BA2A302EB000E6BBD9 /* Logger.swift */,
			);
			path = App;
			sourceTree = "<group>";
		};
/* End PBXGroup section */

/* Begin PBXNativeTarget section */
		FC0711D32A025B6E005955C0 /* SilentWake */ = {
			isa = PBXNativeTarget;
			buildConfigurationList = FC0711E82A025B6F005955C0 /* Build configuration list for PBXNativeTarget "SilentWake" */;
			buildPhases = (
				FC0711D02A025B6E005955C0 /* Sources */,
				FC0711D12A025B6E005955C0 /* Frameworks */,
				FC0711D22A025B6E005955C0 /* Resources */,
			);
			buildRules = (
			);
			dependencies = (
			);
			name = SilentWake;
			packageProductDependencies = (
				FC0457A92A302D7400E6BBD9 /* RxCocoa */,
				FC0457AB2A302D7400E6BBD9 /* RxSwift */,
			);
			productName = SilentWake;
			productReference = FC0711D42A025B6E005955C0 /* SilentWake.app */;
			productType = "com.apple.product-type.application";
		};
/* End PBXNativeTarget section */

/* Begin PBXProject section */
		FC0711CC2A025B6E005955C0 /* Project object */ = {
			isa = PBXProject;
			attributes = {
				BuildIndependentTargetsInParallel = 1;
				LastSwiftUpdateCheck = 1430;
				LastUpgradeCheck = 1430;
				TargetAttributes = {
					FC0711D32A025B6E005955C0 = {
						CreatedOnToolsVersion = 14.3;
					};
				};
			};
			buildConfigurationList = FC0711CF2A025B6E005955C0 /* Build configuration list for PBXProject "SilentWake" */;
			compatibilityVersion = "Xcode 14.0";
			developmentRegion = en;
			hasScannedForEncodings = 0;
			knownRegions = (
				en,
				Base,
			);
			mainGroup = FC0711CB2A025B6E005955C0;
			packageReferences = (
				FC0457A82A302D7400E6BBD9 /* XCRemoteSwiftPackageReference "RxSwift" */,
			);
			productRefGroup = FC0711D52A025B6E005955C0 /* Products */;
			projectDirPath = "";
			projectRoot = "";
			targets = (
				FC0711D32A025B6E005955C0 /* SilentWake */,
			);
		};
/* End PBXProject section */

/* Begin PBXResourcesBuildPhase section */
		FC0711D22A025B6E005955C0 /* Resources */ = {
			isa = PBXResourcesBuildPhase;
			buildActionMask = 2147483647;
			files = (
				FC0711FC2A025B93005955C0 /* PhoneRing.mp3 in Resources */,
				FC0711E42A025B6F005955C0 /* LaunchScreen.storyboard in Resources */,
				FC0711E12A025B6F005955C0 /* Assets.xcassets in Resources */,
				FC0712032A025B93005955C0 /* EmergencyAlarm2.mp3 in Resources */,
				FC0712022A025B93005955C0 /* ChickenSound.mp3 in Resources */,
				FC0711FF2A025B93005955C0 /* RadiationAlert.mp3 in Resources */,
				FC0711F92A025B93005955C0 /* EmergencyAlarm1.mp3 in Resources */,
				FC0711FA2A025B93005955C0 /* Alarm4.mp3 in Resources */,
				FC0711FB2A025B93005955C0 /* SchoolBell.mp3 in Resources */,
				FC0712012A025B93005955C0 /* LifeSupportAlarm.mp3 in Resources */,
				FC0711FD2A025B93005955C0 /* Alarm2.mp3 in Resources */,
				FC0712002A025B93005955C0 /* Alarm1.mp3 in Resources */,
				FC0711FE2A025B93005955C0 /* Alarm3.mp3 in Resources */,
			);
			runOnlyForDeploymentPostprocessing = 0;
		};
/* End PBXResourcesBuildPhase section */

/* Begin PBXSourcesBuildPhase section */
		FC0711D02A025B6E005955C0 /* Sources */ = {
			isa = PBXSourcesBuildPhase;
			buildActionMask = 2147483647;
			files = (
				FC0457A42A2DD05800E6BBD9 /* BaseService.swift in Sources */,
				FC0711DC2A025B6E005955C0 /* ViewController.swift in Sources */,
				FC7EE2CF2A263214001A075F /* AlarmType.swift in Sources */,
				FC0457B72A302E7C00E6BBD9 /* RequestInfo.swift in Sources */,
				FC0457C12A303F3200E6BBD9 /* EmptyParameters.swift in Sources */,
				FC0457A22A2DD02900E6BBD9 /* ServiceProvider.swift in Sources */,
				FC0457B82A302E7C00E6BBD9 /* NetworkAPIDefinition.swift in Sources */,
				FC0457B42A302E7C00E6BBD9 /* URLInfo.swift in Sources */,
				FC0711D82A025B6E005955C0 /* AppDelegate.swift in Sources */,
				FC0457B92A302E7C00E6BBD9 /* NetworkError.swift in Sources */,
				FC0457B52A302E7C00E6BBD9 /* NetworkAPIMethod.swift in Sources */,
				FC0457BB2A302EB000E6BBD9 /* Logger.swift in Sources */,
				FC7EE2D12A2633EE001A075F /* AlarmPlayerService.swift in Sources */,
				FC0457BF2A303EEC00E6BBD9 /* JsonAPI.swift in Sources */,
				FC0711DA2A025B6E005955C0 /* SceneDelegate.swift in Sources */,
				FC7EE2D32A263491001A075F /* PlayerError.swift in Sources */,
				FC0457B62A302E7C00E6BBD9 /* NetworkAPI.swift in Sources */,
			);
			runOnlyForDeploymentPostprocessing = 0;
		};
/* End PBXSourcesBuildPhase section */

/* Begin PBXVariantGroup section */
		FC0711E22A025B6F005955C0 /* LaunchScreen.storyboard */ = {
			isa = PBXVariantGroup;
			children = (
				FC0711E32A025B6F005955C0 /* Base */,
			);
			name = LaunchScreen.storyboard;
			sourceTree = "<group>";
		};
/* End PBXVariantGroup section */

/* Begin XCBuildConfiguration section */
		FC0711E62A025B6F005955C0 /* Debug */ = {
			isa = XCBuildConfiguration;
			baseConfigurationReference = FC0457BC2A302ED300E6BBD9 /* Config.xcconfig */;
			buildSettings = {
				ALWAYS_SEARCH_USER_PATHS = NO;
				CLANG_ANALYZER_NONNULL = YES;
				CLANG_ANALYZER_NUMBER_OBJECT_CONVERSION = YES_AGGRESSIVE;
				CLANG_CXX_LANGUAGE_STANDARD = "gnu++20";
				CLANG_ENABLE_MODULES = YES;
				CLANG_ENABLE_OBJC_ARC = YES;
				CLANG_ENABLE_OBJC_WEAK = YES;
				CLANG_WARN_BLOCK_CAPTURE_AUTORELEASING = YES;
				CLANG_WARN_BOOL_CONVERSION = YES;
				CLANG_WARN_COMMA = YES;
				CLANG_WARN_CONSTANT_CONVERSION = YES;
				CLANG_WARN_DEPRECATED_OBJC_IMPLEMENTATIONS = YES;
				CLANG_WARN_DIRECT_OBJC_ISA_USAGE = YES_ERROR;
				CLANG_WARN_DOCUMENTATION_COMMENTS = YES;
				CLANG_WARN_EMPTY_BODY = YES;
				CLANG_WARN_ENUM_CONVERSION = YES;
				CLANG_WARN_INFINITE_RECURSION = YES;
				CLANG_WARN_INT_CONVERSION = YES;
				CLANG_WARN_NON_LITERAL_NULL_CONVERSION = YES;
				CLANG_WARN_OBJC_IMPLICIT_RETAIN_SELF = YES;
				CLANG_WARN_OBJC_LITERAL_CONVERSION = YES;
				CLANG_WARN_OBJC_ROOT_CLASS = YES_ERROR;
				CLANG_WARN_QUOTED_INCLUDE_IN_FRAMEWORK_HEADER = YES;
				CLANG_WARN_RANGE_LOOP_ANALYSIS = YES;
				CLANG_WARN_STRICT_PROTOTYPES = YES;
				CLANG_WARN_SUSPICIOUS_MOVE = YES;
				CLANG_WARN_UNGUARDED_AVAILABILITY = YES_AGGRESSIVE;
				CLANG_WARN_UNREACHABLE_CODE = YES;
				CLANG_WARN__DUPLICATE_METHOD_MATCH = YES;
				COPY_PHASE_STRIP = NO;
				DEBUG_INFORMATION_FORMAT = dwarf;
				ENABLE_STRICT_OBJC_MSGSEND = YES;
				ENABLE_TESTABILITY = YES;
				GCC_C_LANGUAGE_STANDARD = gnu11;
				GCC_DYNAMIC_NO_PIC = NO;
				GCC_NO_COMMON_BLOCKS = YES;
				GCC_OPTIMIZATION_LEVEL = 0;
				GCC_PREPROCESSOR_DEFINITIONS = (
					"DEBUG=1",
					"$(inherited)",
				);
				GCC_WARN_64_TO_32_BIT_CONVERSION = YES;
				GCC_WARN_ABOUT_RETURN_TYPE = YES_ERROR;
				GCC_WARN_UNDECLARED_SELECTOR = YES;
				GCC_WARN_UNINITIALIZED_AUTOS = YES_AGGRESSIVE;
				GCC_WARN_UNUSED_FUNCTION = YES;
				GCC_WARN_UNUSED_VARIABLE = YES;
				IPHONEOS_DEPLOYMENT_TARGET = 16.4;
				MTL_ENABLE_DEBUG_INFO = INCLUDE_SOURCE;
				MTL_FAST_MATH = YES;
				ONLY_ACTIVE_ARCH = YES;
				SDKROOT = iphoneos;
				SWIFT_ACTIVE_COMPILATION_CONDITIONS = DEBUG;
				SWIFT_OPTIMIZATION_LEVEL = "-Onone";
			};
			name = Debug;
		};
		FC0711E72A025B6F005955C0 /* Release */ = {
			isa = XCBuildConfiguration;
			baseConfigurationReference = FC0457BC2A302ED300E6BBD9 /* Config.xcconfig */;
			buildSettings = {
				ALWAYS_SEARCH_USER_PATHS = NO;
				CLANG_ANALYZER_NONNULL = YES;
				CLANG_ANALYZER_NUMBER_OBJECT_CONVERSION = YES_AGGRESSIVE;
				CLANG_CXX_LANGUAGE_STANDARD = "gnu++20";
				CLANG_ENABLE_MODULES = YES;
				CLANG_ENABLE_OBJC_ARC = YES;
				CLANG_ENABLE_OBJC_WEAK = YES;
				CLANG_WARN_BLOCK_CAPTURE_AUTORELEASING = YES;
				CLANG_WARN_BOOL_CONVERSION = YES;
				CLANG_WARN_COMMA = YES;
				CLANG_WARN_CONSTANT_CONVERSION = YES;
				CLANG_WARN_DEPRECATED_OBJC_IMPLEMENTATIONS = YES;
				CLANG_WARN_DIRECT_OBJC_ISA_USAGE = YES_ERROR;
				CLANG_WARN_DOCUMENTATION_COMMENTS = YES;
				CLANG_WARN_EMPTY_BODY = YES;
				CLANG_WARN_ENUM_CONVERSION = YES;
				CLANG_WARN_INFINITE_RECURSION = YES;
				CLANG_WARN_INT_CONVERSION = YES;
				CLANG_WARN_NON_LITERAL_NULL_CONVERSION = YES;
				CLANG_WARN_OBJC_IMPLICIT_RETAIN_SELF = YES;
				CLANG_WARN_OBJC_LITERAL_CONVERSION = YES;
				CLANG_WARN_OBJC_ROOT_CLASS = YES_ERROR;
				CLANG_WARN_QUOTED_INCLUDE_IN_FRAMEWORK_HEADER = YES;
				CLANG_WARN_RANGE_LOOP_ANALYSIS = YES;
				CLANG_WARN_STRICT_PROTOTYPES = YES;
				CLANG_WARN_SUSPICIOUS_MOVE = YES;
				CLANG_WARN_UNGUARDED_AVAILABILITY = YES_AGGRESSIVE;
				CLANG_WARN_UNREACHABLE_CODE = YES;
				CLANG_WARN__DUPLICATE_METHOD_MATCH = YES;
				COPY_PHASE_STRIP = NO;
				DEBUG_INFORMATION_FORMAT = "dwarf-with-dsym";
				ENABLE_NS_ASSERTIONS = NO;
				ENABLE_STRICT_OBJC_MSGSEND = YES;
				GCC_C_LANGUAGE_STANDARD = gnu11;
				GCC_NO_COMMON_BLOCKS = YES;
				GCC_WARN_64_TO_32_BIT_CONVERSION = YES;
				GCC_WARN_ABOUT_RETURN_TYPE = YES_ERROR;
				GCC_WARN_UNDECLARED_SELECTOR = YES;
				GCC_WARN_UNINITIALIZED_AUTOS = YES_AGGRESSIVE;
				GCC_WARN_UNUSED_FUNCTION = YES;
				GCC_WARN_UNUSED_VARIABLE = YES;
				IPHONEOS_DEPLOYMENT_TARGET = 16.4;
				MTL_ENABLE_DEBUG_INFO = NO;
				MTL_FAST_MATH = YES;
				SDKROOT = iphoneos;
				SWIFT_COMPILATION_MODE = wholemodule;
				SWIFT_OPTIMIZATION_LEVEL = "-O";
				VALIDATE_PRODUCT = YES;
			};
			name = Release;
		};
		FC0711E92A025B6F005955C0 /* Debug */ = {
			isa = XCBuildConfiguration;
			baseConfigurationReference = FC0457BC2A302ED300E6BBD9 /* Config.xcconfig */;
			buildSettings = {
				ASSETCATALOG_COMPILER_APPICON_NAME = AppIcon;
				ASSETCATALOG_COMPILER_GLOBAL_ACCENT_COLOR_NAME = AccentColor;
				CODE_SIGN_STYLE = Automatic;
				CURRENT_PROJECT_VERSION = 1;
				DEVELOPMENT_TEAM = NY37VGJ3HF;
				GENERATE_INFOPLIST_FILE = YES;
				INFOPLIST_FILE = SilentWake/Resource/Info.plist;
				INFOPLIST_KEY_LSApplicationCategoryType = "public.app-category.lifestyle";
				INFOPLIST_KEY_UIApplicationSupportsIndirectInputEvents = YES;
				INFOPLIST_KEY_UILaunchStoryboardName = "";
				INFOPLIST_KEY_UIStatusBarStyle = UIStatusBarStyleDarkContent;
				INFOPLIST_KEY_UISupportedInterfaceOrientations = UIInterfaceOrientationPortrait;
				INFOPLIST_KEY_UISupportedInterfaceOrientations_iPad = "UIInterfaceOrientationLandscapeLeft UIInterfaceOrientationLandscapeRight UIInterfaceOrientationPortrait UIInterfaceOrientationPortraitUpsideDown";
				IPHONEOS_DEPLOYMENT_TARGET = 15.0;
				LD_RUNPATH_SEARCH_PATHS = (
					"$(inherited)",
					"@executable_path/Frameworks",
				);
				MARKETING_VERSION = 1.0;
				PRODUCT_BUNDLE_IDENTIFIER = kr.okstring.SilentWake;
				PRODUCT_NAME = "$(TARGET_NAME)";
				SUPPORTED_PLATFORMS = "iphoneos iphonesimulator";
				SUPPORTS_MACCATALYST = NO;
				SUPPORTS_MAC_DESIGNED_FOR_IPHONE_IPAD = NO;
				SWIFT_EMIT_LOC_STRINGS = YES;
				SWIFT_VERSION = 5.0;
				TARGETED_DEVICE_FAMILY = 1;
			};
			name = Debug;
		};
		FC0711EA2A025B6F005955C0 /* Release */ = {
			isa = XCBuildConfiguration;
			baseConfigurationReference = FC0457BC2A302ED300E6BBD9 /* Config.xcconfig */;
			buildSettings = {
				ASSETCATALOG_COMPILER_APPICON_NAME = AppIcon;
				ASSETCATALOG_COMPILER_GLOBAL_ACCENT_COLOR_NAME = AccentColor;
				CODE_SIGN_STYLE = Automatic;
				CURRENT_PROJECT_VERSION = 1;
				DEVELOPMENT_TEAM = NY37VGJ3HF;
				GENERATE_INFOPLIST_FILE = YES;
				INFOPLIST_FILE = SilentWake/Resource/Info.plist;
				INFOPLIST_KEY_LSApplicationCategoryType = "public.app-category.lifestyle";
				INFOPLIST_KEY_UIApplicationSupportsIndirectInputEvents = YES;
				INFOPLIST_KEY_UILaunchStoryboardName = "";
				INFOPLIST_KEY_UIStatusBarStyle = UIStatusBarStyleDarkContent;
				INFOPLIST_KEY_UISupportedInterfaceOrientations = UIInterfaceOrientationPortrait;
				INFOPLIST_KEY_UISupportedInterfaceOrientations_iPad = "UIInterfaceOrientationLandscapeLeft UIInterfaceOrientationLandscapeRight UIInterfaceOrientationPortrait UIInterfaceOrientationPortraitUpsideDown";
				IPHONEOS_DEPLOYMENT_TARGET = 15.0;
				LD_RUNPATH_SEARCH_PATHS = (
					"$(inherited)",
					"@executable_path/Frameworks",
				);
				MARKETING_VERSION = 1.0;
				PRODUCT_BUNDLE_IDENTIFIER = kr.okstring.SilentWake;
				PRODUCT_NAME = "$(TARGET_NAME)";
				SUPPORTED_PLATFORMS = "iphoneos iphonesimulator";
				SUPPORTS_MACCATALYST = NO;
				SUPPORTS_MAC_DESIGNED_FOR_IPHONE_IPAD = NO;
				SWIFT_EMIT_LOC_STRINGS = YES;
				SWIFT_VERSION = 5.0;
				TARGETED_DEVICE_FAMILY = 1;
			};
			name = Release;
		};
/* End XCBuildConfiguration section */

/* Begin XCConfigurationList section */
		FC0711CF2A025B6E005955C0 /* Build configuration list for PBXProject "SilentWake" */ = {
			isa = XCConfigurationList;
			buildConfigurations = (
				FC0711E62A025B6F005955C0 /* Debug */,
				FC0711E72A025B6F005955C0 /* Release */,
			);
			defaultConfigurationIsVisible = 0;
			defaultConfigurationName = Release;
		};
		FC0711E82A025B6F005955C0 /* Build configuration list for PBXNativeTarget "SilentWake" */ = {
			isa = XCConfigurationList;
			buildConfigurations = (
				FC0711E92A025B6F005955C0 /* Debug */,
				FC0711EA2A025B6F005955C0 /* Release */,
			);
			defaultConfigurationIsVisible = 0;
			defaultConfigurationName = Release;
		};
/* End XCConfigurationList section */

/* Begin XCRemoteSwiftPackageReference section */
		FC0457A82A302D7400E6BBD9 /* XCRemoteSwiftPackageReference "RxSwift" */ = {
			isa = XCRemoteSwiftPackageReference;
			repositoryURL = "https://github.com/ReactiveX/RxSwift";
			requirement = {
				kind = upToNextMajorVersion;
				minimumVersion = 6.0.0;
			};
		};
/* End XCRemoteSwiftPackageReference section */

/* Begin XCSwiftPackageProductDependency section */
		FC0457A92A302D7400E6BBD9 /* RxCocoa */ = {
			isa = XCSwiftPackageProductDependency;
			package = FC0457A82A302D7400E6BBD9 /* XCRemoteSwiftPackageReference "RxSwift" */;
			productName = RxCocoa;
		};
		FC0457AB2A302D7400E6BBD9 /* RxSwift */ = {
			isa = XCSwiftPackageProductDependency;
			package = FC0457A82A302D7400E6BBD9 /* XCRemoteSwiftPackageReference "RxSwift" */;
			productName = RxSwift;
		};
/* End XCSwiftPackageProductDependency section */
	};
	rootObject = FC0711CC2A025B6E005955C0 /* Project object */;
}
